
Microsoft Visual Studio Solution File, Format Version 12.00
# Visual Studio 15
VisualStudioVersion = 15.0.26730.16
MinimumVisualStudioVersion = 10.0.40219.1
Project("{FAE04EC0-301F-11D3-BF4B-00C04F79EFBC}") = "StudentListApp", "StudentListApp.csproj", "{4FAA7419-C402-4695-999F-524D5ECAD174}"
EndProject
Global
	GlobalSection(SolutionConfigurationPlatforms) = preSolution
		Debug|Any CPU = Debug|Any CPU
		Release|Any CPU = Release|Any CPU
	EndGlobalSection
	GlobalSection(ProjectConfigurationPlatforms) = postSolution
		{4FAA7419-C402-4695-999F-524D5ECAD174}.Debug|Any CPU.ActiveCfg = Debug|Any CPU
		{4FAA7419-C402-4695-999F-524D5ECAD174}.Debug|Any CPU.Build.0 = Debug|Any CPU
		{4FAA7419-C402-4695-999F-524D5ECAD174}.Release|Any CPU.ActiveCfg = Release|Any CPU
		{4FAA7419-C402-4695-999F-524D5ECAD174}.Release|Any CPU.Build.0 = Release|Any CPU
	EndGlobalSection
	GlobalSection(SolutionProperties) = preSolution
		HideSolutionNode = FALSE
	EndGlobalSection
	GlobalSection(ExtensibilityGlobals) = postSolution
		SolutionGuid = {8B931C4E-3034-4D14-A19E-69E20D99117C}
	EndGlobalSection
EndGlobal
